// !$*UTF8*$!
{
	archiveVersion = 1;
	classes = {
	};
	objectVersion = 50;
	objects = {

/* Begin PBXBuildFile section */
		6A5BF2592B80DB2C0006EF85 /* main.m in Sources */ = {isa = PBXBuildFile; fileRef = 6A5BF2582B80DB2C0006EF85 /* main.m */; };
		6A5BF2612B80DB4D0006EF85 /* Figure.m in Sources */ = {isa = PBXBuildFile; fileRef = 6A5BF2602B80DB4D0006EF85 /* Figure.m */; };
		6A5BF2642B80DCF00006EF85 /* Circle.m in Sources */ = {isa = PBXBuildFile; fileRef = 6A5BF2632B80DCF00006EF85 /* Circle.m */; };
		6A5BF2672B80DE6F0006EF85 /* Rectangle.m in Sources */ = {isa = PBXBuildFile; fileRef = 6A5BF2662B80DE6F0006EF85 /* Rectangle.m */; };
		6A5BF26A2B80DF3D0006EF85 /* Triangle.m in Sources */ = {isa = PBXBuildFile; fileRef = 6A5BF2692B80DF3D0006EF85 /* Triangle.m */; };
/* End PBXBuildFile section */

/* Begin PBXCopyFilesBuildPhase section */
		6A5BF2532B80DB2C0006EF85 /* CopyFiles */ = {
			isa = PBXCopyFilesBuildPhase;
			buildActionMask = 2147483647;
			dstPath = /usr/share/man/man1/;
			dstSubfolderSpec = 0;
			files = (
			);
			runOnlyForDeploymentPostprocessing = 1;
		};
/* End PBXCopyFilesBuildPhase section */

/* Begin PBXFileReference section */
		6A5BF2552B80DB2C0006EF85 /* objC.HomeWork2 */ = {isa = PBXFileReference; explicitFileType = "compiled.mach-o.executable"; includeInIndex = 0; path = objC.HomeWork2; sourceTree = BUILT_PRODUCTS_DIR; };
		6A5BF2582B80DB2C0006EF85 /* main.m */ = {isa = PBXFileReference; lastKnownFileType = sourcecode.c.objc; path = main.m; sourceTree = "<group>"; };
		6A5BF25F2B80DB4C0006EF85 /* Figure.h */ = {isa = PBXFileReference; lastKnownFileType = sourcecode.c.h; path = Figure.h; sourceTree = "<group>"; };
		6A5BF2602B80DB4D0006EF85 /* Figure.m */ = {isa = PBXFileReference; lastKnownFileType = sourcecode.c.objc; path = Figure.m; sourceTree = "<group>"; };
		6A5BF2622B80DCF00006EF85 /* Circle.h */ = {isa = PBXFileReference; lastKnownFileType = sourcecode.c.h; path = Circle.h; sourceTree = "<group>"; };
		6A5BF2632B80DCF00006EF85 /* Circle.m */ = {isa = PBXFileReference; lastKnownFileType = sourcecode.c.objc; path = Circle.m; sourceTree = "<group>"; };
		6A5BF2652B80DE6F0006EF85 /* Rectangle.h */ = {isa = PBXFileReference; lastKnownFileType = sourcecode.c.h; path = Rectangle.h; sourceTree = "<group>"; };
		6A5BF2662B80DE6F0006EF85 /* Rectangle.m */ = {isa = PBXFileReference; lastKnownFileType = sourcecode.c.objc; path = Rectangle.m; sourceTree = "<group>"; };
		6A5BF2682B80DF3D0006EF85 /* Triangle.h */ = {isa = PBXFileReference; lastKnownFileType = sourcecode.c.h; path = Triangle.h; sourceTree = "<group>"; };
		6A5BF2692B80DF3D0006EF85 /* Triangle.m */ = {isa = PBXFileReference; lastKnownFileType = sourcecode.c.objc; path = Triangle.m; sourceTree = "<group>"; };
/* End PBXFileReference section */

/* Begin PBXFrameworksBuildPhase section */
		6A5BF2522B80DB2C0006EF85 /* Frameworks */ = {
			isa = PBXFrameworksBuildPhase;
			buildActionMask = 2147483647;
			files = (
			);
			runOnlyForDeploymentPostprocessing = 0;
		};
/* End PBXFrameworksBuildPhase section */

/* Begin PBXGroup section */
		6A5BF24C2B80DB2C0006EF85 = {
			isa = PBXGroup;
			children = (
				6A5BF2572B80DB2C0006EF85 /* objC.HomeWork2 */,
				6A5BF2562B80DB2C0006EF85 /* Products */,
			);
			sourceTree = "<group>";
		};
		6A5BF2562B80DB2C0006EF85 /* Products */ = {
			isa = PBXGroup;
			children = (
				6A5BF2552B80DB2C0006EF85 /* objC.HomeWork2 */,
			);
			name = Products;
			sourceTree = "<group>";
		};
		6A5BF2572B80DB2C0006EF85 /* objC.HomeWork2 */ = {
			isa = PBXGroup;
			children = (
				6A5BF2582B80DB2C0006EF85 /* main.m */,
				6A5BF2652B80DE6F0006EF85 /* Rectangle.h */,
				6A5BF2662B80DE6F0006EF85 /* Rectangle.m */,
				6A5BF2682B80DF3D0006EF85 /* Triangle.h */,
				6A5BF2692B80DF3D0006EF85 /* Triangle.m */,
				6A5BF25F2B80DB4C0006EF85 /* Figure.h */,
				6A5BF2602B80DB4D0006EF85 /* Figure.m */,
				6A5BF2622B80DCF00006EF85 /* Circle.h */,
				6A5BF2632B80DCF00006EF85 /* Circle.m */,
			);
			path = objC.HomeWork2;
			sourceTree = "<group>";
		};
/* End PBXGroup section */

/* Begin PBXNativeTarget section */
		6A5BF2542B80DB2C0006EF85 /* objC.HomeWork2 */ = {
			isa = PBXNativeTarget;
			buildConfigurationList = 6A5BF25C2B80DB2D0006EF85 /* Build configuration list for PBXNativeTarget "objC.HomeWork2" */;
			buildPhases = (
				6A5BF2512B80DB2C0006EF85 /* Sources */,
				6A5BF2522B80DB2C0006EF85 /* Frameworks */,
				6A5BF2532B80DB2C0006EF85 /* CopyFiles */,
			);
			buildRules = (
			);
			dependencies = (
			);
			name = objC.HomeWork2;
			productName = objC.HomeWork2;
			productReference = 6A5BF2552B80DB2C0006EF85 /* objC.HomeWork2 */;
			productType = "com.apple.product-type.tool";
		};
/* End PBXNativeTarget section */

/* Begin PBXProject section */
		6A5BF24D2B80DB2C0006EF85 /* Project object */ = {
			isa = PBXProject;
			attributes = {
				LastUpgradeCheck = 1130;
				ORGANIZATIONNAME = Kirill;
				TargetAttributes = {
					6A5BF2542B80DB2C0006EF85 = {
						CreatedOnToolsVersion = 11.3;
					};
				};
			};
			buildConfigurationList = 6A5BF2502B80DB2C0006EF85 /* Build configuration list for PBXProject "objC.HomeWork2" */;
			compatibilityVersion = "Xcode 9.3";
			developmentRegion = en;
			hasScannedForEncodings = 0;
			knownRegions = (
				en,
				Base,
			);
			mainGroup = 6A5BF24C2B80DB2C0006EF85;
			productRefGroup = 6A5BF2562B80DB2C0006EF85 /* Products */;
			projectDirPath = "";
			projectRoot = "";
			targets = (
				6A5BF2542B80DB2C0006EF85 /* objC.HomeWork2 */,
			);
		};
/* End PBXProject section */

/* Begin PBXSourcesBuildPhase section */
		6A5BF2512B80DB2C0006EF85 /* Sources */ = {
			isa = PBXSourcesBuildPhase;
			buildActionMask = 2147483647;
			files = (
				6A5BF26A2B80DF3D0006EF85 /* Triangle.m in Sources */,
				6A5BF2642B80DCF00006EF85 /* Circle.m in Sources */,
				6A5BF2592B80DB2C0006EF85 /* main.m in Sources */,
				6A5BF2612B80DB4D0006EF85 /* Figure.m in Sources */,
				6A5BF2672B80DE6F0006EF85 /* Rectangle.m in Sources */,
			);
			runOnlyForDeploymentPostprocessing = 0;
		};
/* End PBXSourcesBuildPhase section */

/* Begin XCBuildConfiguration section */
		6A5BF25A2B80DB2D0006EF85 /* Debug */ = {
			isa = XCBuildConfiguration;
			buildSettings = {
				ALWAYS_SEARCH_USER_PATHS = NO;
				CLANG_ANALYZER_NONNULL = YES;
				CLANG_ANALYZER_NUMBER_OBJECT_CONVERSION = YES_AGGRESSIVE;
				CLANG_CXX_LANGUAGE_STANDARD = "gnu++14";
				CLANG_CXX_LIBRARY = "libc++";
				CLANG_ENABLE_MODULES = YES;
				CLANG_ENABLE_OBJC_ARC = YES;
				CLANG_ENABLE_OBJC_WEAK = YES;
				CLANG_WARN_BLOCK_CAPTURE_AUTORELEASING = YES;
				CLANG_WARN_BOOL_CONVERSION = YES;
				CLANG_WARN_COMMA = YES;
				CLANG_WARN_CONSTANT_CONVERSION = YES;
				CLANG_WARN_DEPRECATED_OBJC_IMPLEMENTATIONS = YES;
				CLANG_WARN_DIRECT_OBJC_ISA_USAGE = YES_ERROR;
				CLANG_WARN_DOCUMENTATION_COMMENTS = YES;
				CLANG_WARN_EMPTY_BODY = YES;
				CLANG_WARN_ENUM_CONVERSION = YES;
				CLANG_WARN_INFINITE_RECURSION = YES;
				CLANG_WARN_INT_CONVERSION = YES;
				CLANG_WARN_NON_LITERAL_NULL_CONVERSION = YES;
				CLANG_WARN_OBJC_IMPLICIT_RETAIN_SELF = YES;
				CLANG_WARN_OBJC_LITERAL_CONVERSION = YES;
				CLANG_WARN_OBJC_ROOT_CLASS = YES_ERROR;
				CLANG_WARN_RANGE_LOOP_ANALYSIS = YES;
				CLANG_WARN_STRICT_PROTOTYPES = YES;
				CLANG_WARN_SUSPICIOUS_MOVE = YES;
				CLANG_WARN_UNGUARDED_AVAILABILITY = YES_AGGRESSIVE;
				CLANG_WARN_UNREACHABLE_CODE = YES;
				CLANG_WARN__DUPLICATE_METHOD_MATCH = YES;
				COPY_PHASE_STRIP = NO;
				DEBUG_INFORMATION_FORMAT = dwarf;
				ENABLE_STRICT_OBJC_MSGSEND = YES;
				ENABLE_TESTABILITY = YES;
				GCC_C_LANGUAGE_STANDARD = gnu11;
				GCC_DYNAMIC_NO_PIC = NO;
				GCC_NO_COMMON_BLOCKS = YES;
				GCC_OPTIMIZATION_LEVEL = 0;
				GCC_PREPROCESSOR_DEFINITIONS = (
					"DEBUG=1",
					"$(inherited)",
				);
				GCC_WARN_64_TO_32_BIT_CONVERSION = YES;
				GCC_WARN_ABOUT_RETURN_TYPE = YES_ERROR;
				GCC_WARN_UNDECLARED_SELECTOR = YES;
				GCC_WARN_UNINITIALIZED_AUTOS = YES_AGGRESSIVE;
				GCC_WARN_UNUSED_FUNCTION = YES;
				GCC_WARN_UNUSED_VARIABLE = YES;
				MACOSX_DEPLOYMENT_TARGET = 10.14;
				MTL_ENABLE_DEBUG_INFO = INCLUDE_SOURCE;
				MTL_FAST_MATH = YES;
				ONLY_ACTIVE_ARCH = YES;
				SDKROOT = macosx;
			};
			name = Debug;
		};
		6A5BF25B2B80DB2D0006EF85 /* Release */ = {
			isa = XCBuildConfiguration;
			buildSettings = {
				ALWAYS_SEARCH_USER_PATHS = NO;
				CLANG_ANALYZER_NONNULL = YES;
				CLANG_ANALYZER_NUMBER_OBJECT_CONVERSION = YES_AGGRESSIVE;
				CLANG_CXX_LANGUAGE_STANDARD = "gnu++14";
				CLANG_CXX_LIBRARY = "libc++";
				CLANG_ENABLE_MODULES = YES;
				CLANG_ENABLE_OBJC_ARC = YES;
				CLANG_ENABLE_OBJC_WEAK = YES;
				CLANG_WARN_BLOCK_CAPTURE_AUTORELEASING = YES;
				CLANG_WARN_BOOL_CONVERSION = YES;
				CLANG_WARN_COMMA = YES;
				CLANG_WARN_CONSTANT_CONVERSION = YES;
				CLANG_WARN_DEPRECATED_OBJC_IMPLEMENTATIONS = YES;
				CLANG_WARN_DIRECT_OBJC_ISA_USAGE = YES_ERROR;
				CLANG_WARN_DOCUMENTATION_COMMENTS = YES;
				CLANG_WARN_EMPTY_BODY = YES;
				CLANG_WARN_ENUM_CONVERSION = YES;
				CLANG_WARN_INFINITE_RECURSION = YES;
				CLANG_WARN_INT_CONVERSION = YES;
				CLANG_WARN_NON_LITERAL_NULL_CONVERSION = YES;
				CLANG_WARN_OBJC_IMPLICIT_RETAIN_SELF = YES;
				CLANG_WARN_OBJC_LITERAL_CONVERSION = YES;
				CLANG_WARN_OBJC_ROOT_CLASS = YES_ERROR;
				CLANG_WARN_RANGE_LOOP_ANALYSIS = YES;
				CLANG_WARN_STRICT_PROTOTYPES = YES;
				CLANG_WARN_SUSPICIOUS_MOVE = YES;
				CLANG_WARN_UNGUARDED_AVAILABILITY = YES_AGGRESSIVE;
				CLANG_WARN_UNREACHABLE_CODE = YES;
				CLANG_WARN__DUPLICATE_METHOD_MATCH = YES;
				COPY_PHASE_STRIP = NO;
				DEBUG_INFORMATION_FORMAT = "dwarf-with-dsym";
				ENABLE_NS_ASSERTIONS = NO;
				ENABLE_STRICT_OBJC_MSGSEND = YES;
				GCC_C_LANGUAGE_STANDARD = gnu11;
				GCC_NO_COMMON_BLOCKS = YES;
				GCC_WARN_64_TO_32_BIT_CONVERSION = YES;
				GCC_WARN_ABOUT_RETURN_TYPE = YES_ERROR;
				GCC_WARN_UNDECLARED_SELECTOR = YES;
				GCC_WARN_UNINITIALIZED_AUTOS = YES_AGGRESSIVE;
				GCC_WARN_UNUSED_FUNCTION = YES;
				GCC_WARN_UNUSED_VARIABLE = YES;
				MACOSX_DEPLOYMENT_TARGET = 10.14;
				MTL_ENABLE_DEBUG_INFO = NO;
				MTL_FAST_MATH = YES;
				SDKROOT = macosx;
			};
			name = Release;
		};
		6A5BF25D2B80DB2D0006EF85 /* Debug */ = {
			isa = XCBuildConfiguration;
			buildSettings = {
				CODE_SIGN_STYLE = Automatic;
				PRODUCT_NAME = "$(TARGET_NAME)";
			};
			name = Debug;
		};
		6A5BF25E2B80DB2D0006EF85 /* Release */ = {
			isa = XCBuildConfiguration;
			buildSettings = {
				CODE_SIGN_STYLE = Automatic;
				PRODUCT_NAME = "$(TARGET_NAME)";
			};
			name = Release;
		};
/* End XCBuildConfiguration section */

/* Begin XCConfigurationList section */
		6A5BF2502B80DB2C0006EF85 /* Build configuration list for PBXProject "objC.HomeWork2" */ = {
			isa = XCConfigurationList;
			buildConfigurations = (
				6A5BF25A2B80DB2D0006EF85 /* Debug */,
				6A5BF25B2B80DB2D0006EF85 /* Release */,
			);
			defaultConfigurationIsVisible = 0;
			defaultConfigurationName = Release;
		};
		6A5BF25C2B80DB2D0006EF85 /* Build configuration list for PBXNativeTarget "objC.HomeWork2" */ = {
			isa = XCConfigurationList;
			buildConfigurations = (
				6A5BF25D2B80DB2D0006EF85 /* Debug */,
				6A5BF25E2B80DB2D0006EF85 /* Release */,
			);
			defaultConfigurationIsVisible = 0;
			defaultConfigurationName = Release;
		};
/* End XCConfigurationList section */
	};
	rootObject = 6A5BF24D2B80DB2C0006EF85 /* Project object */;
}
